
Microsoft Visual Studio Solution File, Format Version 12.00
# Visual Studio Version 16
VisualStudioVersion = 16.0.30523.141
MinimumVisualStudioVersion = 10.0.40219.1
Project("{9A19103F-16F7-4668-BE54-9A1E7A4F7556}") = "StudyDocker", "StudyDocker.csproj", "{FA3519CB-96ED-497E-A0BC-D5DAEEF140A8}"
EndProject
Global
	GlobalSection(SolutionConfigurationPlatforms) = preSolution
		Debug|Any CPU = Debug|Any CPU
		Release|Any CPU = Release|Any CPU
	EndGlobalSection
	GlobalSection(ProjectConfigurationPlatforms) = postSolution
		{FA3519CB-96ED-497E-A0BC-D5DAEEF140A8}.Debug|Any CPU.ActiveCfg = Debug|Any CPU
		{FA3519CB-96ED-497E-A0BC-D5DAEEF140A8}.Debug|Any CPU.Build.0 = Debug|Any CPU
		{FA3519CB-96ED-497E-A0BC-D5DAEEF140A8}.Release|Any CPU.ActiveCfg = Release|Any CPU
		{FA3519CB-96ED-497E-A0BC-D5DAEEF140A8}.Release|Any CPU.Build.0 = Release|Any CPU
	EndGlobalSection
	GlobalSection(SolutionProperties) = preSolution
		HideSolutionNode = FALSE
	EndGlobalSection
	GlobalSection(ExtensibilityGlobals) = postSolution
		SolutionGuid = {3247288D-51B7-48F1-844B-B56FF8246819}
	EndGlobalSection
EndGlobal
